
Microsoft Visual Studio Solution File, Format Version 12.00
# Visual Studio Version 17
VisualStudioVersion = 17.5.33402.96
MinimumVisualStudioVersion = 10.0.40219.1
Project("{FAE04EC0-301F-11D3-BF4B-00C04F79EFBC}") = "Final_Demo", "Final_Demo.csproj", "{17E006D1-E12F-4F31-B370-4F208B6E849B}"
EndProject
Global
	GlobalSection(SolutionConfigurationPlatforms) = preSolution
		Debug|Any CPU = Debug|Any CPU
		Release|Any CPU = Release|Any CPU
	EndGlobalSection
	GlobalSection(ProjectConfigurationPlatforms) = postSolution
		{17E006D1-E12F-4F31-B370-4F208B6E849B}.Debug|Any CPU.ActiveCfg = Debug|Any CPU
		{17E006D1-E12F-4F31-B370-4F208B6E849B}.Debug|Any CPU.Build.0 = Debug|Any CPU
		{17E006D1-E12F-4F31-B370-4F208B6E849B}.Release|Any CPU.ActiveCfg = Release|Any CPU
		{17E006D1-E12F-4F31-B370-4F208B6E849B}.Release|Any CPU.Build.0 = Release|Any CPU
	EndGlobalSection
	GlobalSection(SolutionProperties) = preSolution
		HideSolutionNode = FALSE
	EndGlobalSection
	GlobalSection(ExtensibilityGlobals) = postSolution
		SolutionGuid = {0A375341-F49A-4668-8B5D-D3DE25BDDCAB}
	EndGlobalSection
EndGlobal
